
Microsoft Visual Studio Solution File, Format Version 12.00
# Visual Studio Version 17
VisualStudioVersion = 17.14.36603.0 d17.14
MinimumVisualStudioVersion = 10.0.40219.1
Project("{FAE04EC0-301F-11D3-BF4B-00C04F79EFBC}") = "ClienteHttpMVC", "ClienteHttpMVC\ClienteHttpMVC.csproj", "{A9BA230D-C9D8-44C0-A3D3-DB4A93D659B8}"
EndProject
Global
	GlobalSection(SolutionConfigurationPlatforms) = preSolution
		Debug|Any CPU = Debug|Any CPU
		Release|Any CPU = Release|Any CPU
	EndGlobalSection
	GlobalSection(ProjectConfigurationPlatforms) = postSolution
		{A9BA230D-C9D8-44C0-A3D3-DB4A93D659B8}.Debug|Any CPU.ActiveCfg = Debug|Any CPU
		{A9BA230D-C9D8-44C0-A3D3-DB4A93D659B8}.Debug|Any CPU.Build.0 = Debug|Any CPU
		{A9BA230D-C9D8-44C0-A3D3-DB4A93D659B8}.Release|Any CPU.ActiveCfg = Release|Any CPU
		{A9BA230D-C9D8-44C0-A3D3-DB4A93D659B8}.Release|Any CPU.Build.0 = Release|Any CPU
	EndGlobalSection
	GlobalSection(SolutionProperties) = preSolution
		HideSolutionNode = FALSE
	EndGlobalSection
	GlobalSection(ExtensibilityGlobals) = postSolution
		SolutionGuid = {D0F1442D-3DB0-4B3A-9432-B0E47693E243}
	EndGlobalSection
EndGlobal
